// !$*UTF8*$!
{
	archiveVersion = 1;
	classes = {};
	objectVersion = 56;
	objects = {

/* Begin PBXBuildFile section */
		A10000000000000000000001 /* StandardWiseApp.swift in Sources */ = {isa = PBXBuildFile; fileRef = A20000000000000000000001 /* StandardWiseApp.swift */; };
		A10000000000000000000002 /* PracticeView.swift in Sources */ = {isa = PBXBuildFile; fileRef = A20000000000000000000002 /* PracticeView.swift */; };
		A10000000000000000000003 /* OhioStandard.swift in Sources */ = {isa = PBXBuildFile; fileRef = A20000000000000000000003 /* OhioStandard.swift */; };
		A10000000000000000000004 /* PracticeProblem.swift in Sources */ = {isa = PBXBuildFile; fileRef = A20000000000000000000004 /* PracticeProblem.swift */; };
		A10000000000000000000005 /* ProblemGenerator.swift in Sources */ = {isa = PBXBuildFile; fileRef = A20000000000000000000005 /* ProblemGenerator.swift */; };
		A10000000000000000000006 /* Assets.xcassets in Resources */ = {isa = PBXBuildFile; fileRef = A20000000000000000000006 /* Assets.xcassets */; };
		A10000000000000000000007 /* StandardWiseTheme.swift in Sources */ = {isa = PBXBuildFile; fileRef = A20000000000000000000008 /* StandardWiseTheme.swift */; };
/* End PBXBuildFile section */

/* Begin PBXFileReference section */
		A20000000000000000000000 /* StandardWise.app */ = {isa = PBXFileReference; explicitFileType = wrapper.application; includeInIndex = 0; path = StandardWise.app; sourceTree = BUILT_PRODUCTS_DIR; };
		A20000000000000000000001 /* StandardWiseApp.swift */ = {isa = PBXFileReference; lastKnownFileType = sourcecode.swift; path = StandardWiseApp.swift; sourceTree = "<group>"; };
		A20000000000000000000002 /* PracticeView.swift */ = {isa = PBXFileReference; lastKnownFileType = sourcecode.swift; path = PracticeView.swift; sourceTree = "<group>"; };
		A20000000000000000000003 /* OhioStandard.swift */ = {isa = PBXFileReference; lastKnownFileType = sourcecode.swift; path = OhioStandard.swift; sourceTree = "<group>"; };
		A20000000000000000000004 /* PracticeProblem.swift */ = {isa = PBXFileReference; lastKnownFileType = sourcecode.swift; path = PracticeProblem.swift; sourceTree = "<group>"; };
		A20000000000000000000005 /* ProblemGenerator.swift */ = {isa = PBXFileReference; lastKnownFileType = sourcecode.swift; path = ProblemGenerator.swift; sourceTree = "<group>"; };
		A20000000000000000000006 /* Assets.xcassets */ = {isa = PBXFileReference; lastKnownFileType = folder.assetcatalog; path = Assets.xcassets; sourceTree = "<group>"; };
		A20000000000000000000007 /* Preview Assets.xcassets */ = {isa = PBXFileReference; lastKnownFileType = folder.assetcatalog; path = "Preview Assets.xcassets"; sourceTree = "<group>"; };
		A20000000000000000000008 /* StandardWiseTheme.swift */ = {isa = PBXFileReference; lastKnownFileType = sourcecode.swift; path = StandardWiseTheme.swift; sourceTree = "<group>"; };
/* End PBXFileReference section */

/* Begin PBXFrameworksBuildPhase section */
		A30000000000000000000001 /* Frameworks */ = {isa = PBXFrameworksBuildPhase; buildActionMask = 2147483647; files = (); runOnlyForDeploymentPostprocessing = 0; };
/* End PBXFrameworksBuildPhase section */

/* Begin PBXGroup section */
		A40000000000000000000000 = {
			isa = PBXGroup;
			children = (A40000000000000000000001 /* StandardWise */, A40000000000000000000005 /* Products */);
			sourceTree = "<group>";
		};
		A40000000000000000000001 /* StandardWise */ = {
			isa = PBXGroup;
			children = (A20000000000000000000001 /* StandardWiseApp.swift */, A40000000000000000000006 /* Core */, A40000000000000000000010 /* Features */, A20000000000000000000006 /* Assets.xcassets */, A40000000000000000000004 /* Preview Content */);
			path = StandardWise;
			sourceTree = "<group>";
		};
		A40000000000000000000004 /* Preview Content */ = {isa = PBXGroup; children = (A20000000000000000000007 /* Preview Assets.xcassets */); path = "Preview Content"; sourceTree = "<group>"; };
		A40000000000000000000005 /* Products */ = {isa = PBXGroup; children = (A20000000000000000000000 /* StandardWise.app */); name = Products; sourceTree = "<group>"; };
		A40000000000000000000006 /* Core */ = {isa = PBXGroup; children = (A40000000000000000000007 /* Models */, A40000000000000000000008 /* Services */, A40000000000000000000009 /* DesignSystem */); path = Core; sourceTree = "<group>"; };
		A40000000000000000000007 /* Models */ = {isa = PBXGroup; children = (A20000000000000000000003 /* OhioStandard.swift */, A20000000000000000000004 /* PracticeProblem.swift */); path = Models; sourceTree = "<group>"; };
		A40000000000000000000008 /* Services */ = {isa = PBXGroup; children = (A20000000000000000000005 /* ProblemGenerator.swift */); path = Services; sourceTree = "<group>"; };
		A40000000000000000000009 /* DesignSystem */ = {isa = PBXGroup; children = (A20000000000000000000008 /* StandardWiseTheme.swift */); path = DesignSystem; sourceTree = "<group>"; };
		A40000000000000000000010 /* Features */ = {isa = PBXGroup; children = (A40000000000000000000011 /* Practice */); path = Features; sourceTree = "<group>"; };
		A40000000000000000000011 /* Practice */ = {isa = PBXGroup; children = (A20000000000000000000002 /* PracticeView.swift */); path = Practice; sourceTree = "<group>"; };
/* End PBXGroup section */

/* Begin PBXNativeTarget section */
		A50000000000000000000001 /* StandardWise */ = {
			isa = PBXNativeTarget;
			buildConfigurationList = A90000000000000000000001 /* Build configuration list for PBXNativeTarget "StandardWise" */;
			buildPhases = (A30000000000000000000002 /* Sources */, A30000000000000000000001 /* Frameworks */, A30000000000000000000003 /* Resources */);
			buildRules = ();
			dependencies = ();
			name = StandardWise;
			productName = StandardWise;
			productReference = A20000000000000000000000 /* StandardWise.app */;
			productType = "com.apple.product-type.application";
		};
/* End PBXNativeTarget section */

/* Begin PBXProject section */
		A60000000000000000000001 /* Project object */ = {
			isa = PBXProject;
			attributes = {BuildIndependentTargetsInParallel = 1; LastSwiftUpdateCheck = 1600; LastUpgradeCheck = 1600; TargetAttributes = {A50000000000000000000001 = {CreatedOnToolsVersion = 16.0;};};};
			buildConfigurationList = A90000000000000000000002 /* Build configuration list for PBXProject "StandardWise" */;
			compatibilityVersion = "Xcode 14.0";
			developmentRegion = en;
			hasScannedForEncodings = 0;
			knownRegions = (en, Base);
			mainGroup = A40000000000000000000000;
			productRefGroup = A40000000000000000000005 /* Products */;
			projectDirPath = "";
			projectRoot = "";
			targets = (A50000000000000000000001 /* StandardWise */);
		};
/* End PBXProject section */

/* Begin PBXResourcesBuildPhase section */
		A30000000000000000000003 /* Resources */ = {isa = PBXResourcesBuildPhase; buildActionMask = 2147483647; files = (A10000000000000000000006 /* Assets.xcassets in Resources */); runOnlyForDeploymentPostprocessing = 0; };
/* End PBXResourcesBuildPhase section */

/* Begin PBXSourcesBuildPhase section */
		A30000000000000000000002 /* Sources */ = {isa = PBXSourcesBuildPhase; buildActionMask = 2147483647; files = (A10000000000000000000001 /* StandardWiseApp.swift in Sources */, A10000000000000000000002 /* PracticeView.swift in Sources */, A10000000000000000000003 /* OhioStandard.swift in Sources */, A10000000000000000000004 /* PracticeProblem.swift in Sources */, A10000000000000000000005 /* ProblemGenerator.swift in Sources */, A10000000000000000000007 /* StandardWiseTheme.swift in Sources */); runOnlyForDeploymentPostprocessing = 0; };
/* End PBXSourcesBuildPhase section */

/* Begin XCBuildConfiguration section */
		A70000000000000000000001 /* Debug */ = {isa = XCBuildConfiguration; buildSettings = {ALWAYS_SEARCH_USER_PATHS = NO; CLANG_ENABLE_MODULES = YES; CODE_SIGNING_ALLOWED = NO; DEBUG_INFORMATION_FORMAT = dwarf; ENABLE_TESTABILITY = YES; GCC_OPTIMIZATION_LEVEL = 0; IPHONEOS_DEPLOYMENT_TARGET = 17.0; MTL_ENABLE_DEBUG_INFO = INCLUDE_SOURCE; ONLY_ACTIVE_ARCH = YES; SDKROOT = iphoneos; SWIFT_ACTIVE_COMPILATION_CONDITIONS = DEBUG; SWIFT_OPTIMIZATION_LEVEL = "-Onone";}; name = Debug; };
		A70000000000000000000002 /* Release */ = {isa = XCBuildConfiguration; buildSettings = {ALWAYS_SEARCH_USER_PATHS = NO; CLANG_ENABLE_MODULES = YES; CODE_SIGNING_ALLOWED = NO; DEBUG_INFORMATION_FORMAT = "dwarf-with-dsym"; ENABLE_NS_ASSERTIONS = NO; IPHONEOS_DEPLOYMENT_TARGET = 17.0; MTL_ENABLE_DEBUG_INFO = NO; SDKROOT = iphoneos; SWIFT_COMPILATION_MODE = wholemodule; VALIDATE_PRODUCT = YES;}; name = Release; };
		A70000000000000000000003 /* Debug */ = {isa = XCBuildConfiguration; buildSettings = {CODE_SIGN_STYLE = Automatic; CURRENT_PROJECT_VERSION = 1; DEVELOPMENT_ASSET_PATHS = "\"StandardWise/Preview Content\""; ENABLE_PREVIEWS = YES; GENERATE_INFOPLIST_FILE = YES; INFOPLIST_KEY_CFBundleDisplayName = StandardWise; INFOPLIST_KEY_UIApplicationSceneManifest_Generation = YES; INFOPLIST_KEY_UIApplicationSupportsIndirectInputEvents = YES; INFOPLIST_KEY_UILaunchScreen_Generation = YES; INFOPLIST_KEY_UISupportedInterfaceOrientations_iPad = "UIInterfaceOrientationPortrait UIInterfaceOrientationPortraitUpsideDown UIInterfaceOrientationLandscapeLeft UIInterfaceOrientationLandscapeRight"; INFOPLIST_KEY_UISupportedInterfaceOrientations_iPhone = "UIInterfaceOrientationPortrait UIInterfaceOrientationLandscapeLeft UIInterfaceOrientationLandscapeRight"; IPHONEOS_DEPLOYMENT_TARGET = 17.0; LD_RUNPATH_SEARCH_PATHS = ("$(inherited)", "@executable_path/Frameworks"); MARKETING_VERSION = 1.0; PRODUCT_BUNDLE_IDENTIFIER = com.standardwise.app; PRODUCT_NAME = "$(TARGET_NAME)"; SWIFT_EMIT_LOC_STRINGS = YES; SWIFT_VERSION = 5.0; TARGETED_DEVICE_FAMILY = "1,2";}; name = Debug; };
		A70000000000000000000004 /* Release */ = {isa = XCBuildConfiguration; buildSettings = {CODE_SIGN_STYLE = Automatic; CURRENT_PROJECT_VERSION = 1; DEVELOPMENT_ASSET_PATHS = "\"StandardWise/Preview Content\""; ENABLE_PREVIEWS = YES; GENERATE_INFOPLIST_FILE = YES; INFOPLIST_KEY_CFBundleDisplayName = StandardWise; INFOPLIST_KEY_UIApplicationSceneManifest_Generation = YES; INFOPLIST_KEY_UIApplicationSupportsIndirectInputEvents = YES; INFOPLIST_KEY_UILaunchScreen_Generation = YES; INFOPLIST_KEY_UISupportedInterfaceOrientations_iPad = "UIInterfaceOrientationPortrait UIInterfaceOrientationPortraitUpsideDown UIInterfaceOrientationLandscapeLeft UIInterfaceOrientationLandscapeRight"; INFOPLIST_KEY_UISupportedInterfaceOrientations_iPhone = "UIInterfaceOrientationPortrait UIInterfaceOrientationLandscapeLeft UIInterfaceOrientationLandscapeRight"; IPHONEOS_DEPLOYMENT_TARGET = 17.0; LD_RUNPATH_SEARCH_PATHS = ("$(inherited)", "@executable_path/Frameworks"); MARKETING_VERSION = 1.0; PRODUCT_BUNDLE_IDENTIFIER = com.standardwise.app; PRODUCT_NAME = "$(TARGET_NAME)"; SWIFT_EMIT_LOC_STRINGS = YES; SWIFT_VERSION = 5.0; TARGETED_DEVICE_FAMILY = "1,2";}; name = Release; };
/* End XCBuildConfiguration section */

/* Begin XCConfigurationList section */
		A90000000000000000000001 /* Build configuration list for PBXNativeTarget "StandardWise" */ = {isa = XCConfigurationList; buildConfigurations = (A70000000000000000000003 /* Debug */, A70000000000000000000004 /* Release */); defaultConfigurationIsVisible = 0; defaultConfigurationName = Release; };
		A90000000000000000000002 /* Build configuration list for PBXProject "StandardWise" */ = {isa = XCConfigurationList; buildConfigurations = (A70000000000000000000001 /* Debug */, A70000000000000000000002 /* Release */); defaultConfigurationIsVisible = 0; defaultConfigurationName = Release; };
/* End XCConfigurationList section */
	};
	rootObject = A60000000000000000000001 /* Project object */;
}
